{
  "name": "agoldremindproject",
  "version": "1.0.0",
  "lockfileVersion": 3,
  "requires": true,
  "packages": {
    "": {
      "name": "agoldremindproject",
      "version": "1.0.0",
      "license": "ISC",
      "dependencies": {
        "jieyue-ui-com": "^1.1.7"
      }
    },
    "node_modules/jieyue-ui-com": {
      "version": "1.1.7",
      "resolved": "https://registry.npmjs.org/jieyue-ui-com/-/jieyue-ui-com-1.1.7.tgz",
      "integrity": "sha512-rwThSLQC1CXokYl2Dty42H5R6k3tuKJxc6NXrw79tOjxLJKd+IDfzieEdo6Y7k9ktITQfH6v7VIeczAuylh/VQ=="
    }
  }
}
